
Microsoft Visual Studio Solution File, Format Version 12.00
# Visual Studio 14
VisualStudioVersion = 14.0.24720.0
MinimumVisualStudioVersion = 10.0.40219.1
Project("{FAE04EC0-301F-11D3-BF4B-00C04F79EFBC}") = "SACD_Interfaz", "SACD\SACD_Interfaz.csproj", "{603CEE44-1760-4D40-B07C-F59DA917B123}"
EndProject
Project("{FAE04EC0-301F-11D3-BF4B-00C04F79EFBC}") = "SACD_Modelo", "SACD_Modelo\SACD_Modelo.csproj", "{45060D0D-0E39-4636-A5D6-17E54FADC9ED}"
EndProject
Project("{FAE04EC0-301F-11D3-BF4B-00C04F79EFBC}") = "SACD_AccesoDatos", "SACD_AccesoDatos\SACD_AccesoDatos.csproj", "{BA656549-DF3D-47F8-8D56-D7D11E1076B1}"
EndProject
Project("{FAE04EC0-301F-11D3-BF4B-00C04F79EFBC}") = "SACD_Controlador", "SACD_Controlador\SACD_Controlador.csproj", "{31DF5AC8-BFE4-432D-AFE1-6A2C7EBC5ED9}"
EndProject
Project("{54435603-DBB4-11D2-8724-00A0C9A8B90C}") = "SACD_Setup", "SACD_Setup\SACD_Setup.vdproj", "{6DBAC907-B8BA-4900-97C2-C11AA5E1B2E9}"
EndProject
Global
	GlobalSection(SolutionConfigurationPlatforms) = preSolution
		Debug|Any CPU = Debug|Any CPU
		Release|Any CPU = Release|Any CPU
	EndGlobalSection
	GlobalSection(ProjectConfigurationPlatforms) = postSolution
		{603CEE44-1760-4D40-B07C-F59DA917B123}.Debug|Any CPU.ActiveCfg = Debug|Any CPU
		{603CEE44-1760-4D40-B07C-F59DA917B123}.Debug|Any CPU.Build.0 = Debug|Any CPU
		{603CEE44-1760-4D40-B07C-F59DA917B123}.Release|Any CPU.ActiveCfg = Release|Any CPU
		{603CEE44-1760-4D40-B07C-F59DA917B123}.Release|Any CPU.Build.0 = Release|Any CPU
		{45060D0D-0E39-4636-A5D6-17E54FADC9ED}.Debug|Any CPU.ActiveCfg = Debug|Any CPU
		{45060D0D-0E39-4636-A5D6-17E54FADC9ED}.Debug|Any CPU.Build.0 = Debug|Any CPU
		{45060D0D-0E39-4636-A5D6-17E54FADC9ED}.Release|Any CPU.ActiveCfg = Release|Any CPU
		{45060D0D-0E39-4636-A5D6-17E54FADC9ED}.Release|Any CPU.Build.0 = Release|Any CPU
		{BA656549-DF3D-47F8-8D56-D7D11E1076B1}.Debug|Any CPU.ActiveCfg = Debug|Any CPU
		{BA656549-DF3D-47F8-8D56-D7D11E1076B1}.Debug|Any CPU.Build.0 = Debug|Any CPU
		{BA656549-DF3D-47F8-8D56-D7D11E1076B1}.Release|Any CPU.ActiveCfg = Release|Any CPU
		{BA656549-DF3D-47F8-8D56-D7D11E1076B1}.Release|Any CPU.Build.0 = Release|Any CPU
		{31DF5AC8-BFE4-432D-AFE1-6A2C7EBC5ED9}.Debug|Any CPU.ActiveCfg = Debug|Any CPU
		{31DF5AC8-BFE4-432D-AFE1-6A2C7EBC5ED9}.Debug|Any CPU.Build.0 = Debug|Any CPU
		{31DF5AC8-BFE4-432D-AFE1-6A2C7EBC5ED9}.Release|Any CPU.ActiveCfg = Release|Any CPU
		{31DF5AC8-BFE4-432D-AFE1-6A2C7EBC5ED9}.Release|Any CPU.Build.0 = Release|Any CPU
		{6DBAC907-B8BA-4900-97C2-C11AA5E1B2E9}.Debug|Any CPU.ActiveCfg = Debug
		{6DBAC907-B8BA-4900-97C2-C11AA5E1B2E9}.Release|Any CPU.ActiveCfg = Release
	EndGlobalSection
	GlobalSection(SolutionProperties) = preSolution
		HideSolutionNode = FALSE
	EndGlobalSection
EndGlobal
